
Microsoft Visual Studio Solution File, Format Version 12.00
# Visual Studio Version 17
VisualStudioVersion = 17.7.34221.43
MinimumVisualStudioVersion = 10.0.40219.1
Project("{FAE04EC0-301F-11D3-BF4B-00C04F79EFBC}") = "Assignment 3", "Assignment 3\Assignment 3.csproj", "{1D0DD8BA-23D4-4109-94D2-7DA7E0C77EAA}"
EndProject
Global
	GlobalSection(SolutionConfigurationPlatforms) = preSolution
		Debug|Any CPU = Debug|Any CPU
		Release|Any CPU = Release|Any CPU
	EndGlobalSection
	GlobalSection(ProjectConfigurationPlatforms) = postSolution
		{1D0DD8BA-23D4-4109-94D2-7DA7E0C77EAA}.Debug|Any CPU.ActiveCfg = Debug|Any CPU
		{1D0DD8BA-23D4-4109-94D2-7DA7E0C77EAA}.Debug|Any CPU.Build.0 = Debug|Any CPU
		{1D0DD8BA-23D4-4109-94D2-7DA7E0C77EAA}.Release|Any CPU.ActiveCfg = Release|Any CPU
		{1D0DD8BA-23D4-4109-94D2-7DA7E0C77EAA}.Release|Any CPU.Build.0 = Release|Any CPU
	EndGlobalSection
	GlobalSection(SolutionProperties) = preSolution
		HideSolutionNode = FALSE
	EndGlobalSection
	GlobalSection(ExtensibilityGlobals) = postSolution
		SolutionGuid = {51C82A9E-2088-4A3B-8275-519881198BEB}
	EndGlobalSection
EndGlobal
